
Microsoft Visual Studio Solution File, Format Version 12.00
# Visual Studio Version 17
VisualStudioVersion = 17.7.34202.233
MinimumVisualStudioVersion = 10.0.40219.1
Project("{FAE04EC0-301F-11D3-BF4B-00C04F79EFBC}") = "afs-mvcwebapp", "afs-mvcwebapp\afs-mvcwebapp.csproj", "{1F3A66CE-C147-43BC-8D1F-273EDEF9B3A6}"
EndProject
Project("{FAE04EC0-301F-11D3-BF4B-00C04F79EFBC}") = "afs-classificationfunction", "afs-classificationfunction\afs-classificationfunction.csproj", "{EC50612F-9550-4D7E-AFFA-150508EFC900}"
EndProject
Project("{FAE04EC0-301F-11D3-BF4B-00C04F79EFBC}") = "afs-extractionfunction", "afs-extractionfunction\afs-extractionfunction.csproj", "{BC16B436-F8CD-477B-9AE3-16C1A8924A40}"
EndProject
Global
	GlobalSection(SolutionConfigurationPlatforms) = preSolution
		Debug|Any CPU = Debug|Any CPU
		Release|Any CPU = Release|Any CPU
	EndGlobalSection
	GlobalSection(ProjectConfigurationPlatforms) = postSolution
		{1F3A66CE-C147-43BC-8D1F-273EDEF9B3A6}.Debug|Any CPU.ActiveCfg = Debug|Any CPU
		{1F3A66CE-C147-43BC-8D1F-273EDEF9B3A6}.Debug|Any CPU.Build.0 = Debug|Any CPU
		{1F3A66CE-C147-43BC-8D1F-273EDEF9B3A6}.Release|Any CPU.ActiveCfg = Release|Any CPU
		{1F3A66CE-C147-43BC-8D1F-273EDEF9B3A6}.Release|Any CPU.Build.0 = Release|Any CPU
		{EC50612F-9550-4D7E-AFFA-150508EFC900}.Debug|Any CPU.ActiveCfg = Debug|Any CPU
		{EC50612F-9550-4D7E-AFFA-150508EFC900}.Debug|Any CPU.Build.0 = Debug|Any CPU
		{EC50612F-9550-4D7E-AFFA-150508EFC900}.Release|Any CPU.ActiveCfg = Release|Any CPU
		{EC50612F-9550-4D7E-AFFA-150508EFC900}.Release|Any CPU.Build.0 = Release|Any CPU
		{BC16B436-F8CD-477B-9AE3-16C1A8924A40}.Debug|Any CPU.ActiveCfg = Debug|Any CPU
		{BC16B436-F8CD-477B-9AE3-16C1A8924A40}.Debug|Any CPU.Build.0 = Debug|Any CPU
		{BC16B436-F8CD-477B-9AE3-16C1A8924A40}.Release|Any CPU.ActiveCfg = Release|Any CPU
		{BC16B436-F8CD-477B-9AE3-16C1A8924A40}.Release|Any CPU.Build.0 = Release|Any CPU
	EndGlobalSection
	GlobalSection(SolutionProperties) = preSolution
		HideSolutionNode = FALSE
	EndGlobalSection
	GlobalSection(ExtensibilityGlobals) = postSolution
		SolutionGuid = {4065690D-46EE-4DF2-BE6C-635DB37A2BEB}
	EndGlobalSection
EndGlobal
